# THIS IS AN AUTOGENERATED FILE. DO NOT EDIT THIS FILE DIRECTLY.
# yarn lockfile v1


accepts@~1.3.7:
  version "1.3.7"
  resolved "http://skp-verdaccio.app.osft/accepts/-/accepts-1.3.7.tgz#8a48f290d38f895269092a877bba8f1eb06d465b"
  dependencies:
    mime-types "~2.1.24"
    negotiator "0.6.2"

array-flatten@1.1.1:
  version "1.1.1"
  resolved "http://skp-verdaccio.app.osft/array-flatten/-/array-flatten-1.1.1.tgz#011048323c0b9d285d084c5cc231d16a52f69b74"

body-parser@1.19.0, body-parser@^1.19.0:
  version "1.19.0"
  resolved "http://skp-verdaccio.app.osft/body-parser/-/body-parser-1.19.0.tgz#d00d1b6d04eb4e50279568adcac9b9609e3f761c"
  dependencies:
    bytes "3.1.0"
    content-type "~1.0.4"
    debug "2.6.9"
    depd "~1.1.2"
    http-errors "1.7.2"
    iconv-lite "0.4.24"
    on-finished "~2.3.0"
    qs "6.7.0"
    raw-body "2.4.0"
    type-is "~1.6.17"

bytes@3.1.0:
  version "3.1.0"
  resolved "http://skp-verdaccio.app.osft/bytes/-/bytes-3.1.0.tgz#800c5655d771f87b8f6f83ac14ca74d4e40d3619"

content-disposition@0.5.3:
  version "0.5.3"
  resolved "http://skp-verdaccio.app.osft/content-disposition/-/content-disposition-0.5.3.tgz#2426779d264cbbd1bd9c70d849abec4630351a36"
  dependencies:
    safe-buffer "5.1.2"

content-type@~1.0.4:
  version "1.0.4"
  resolved "http://skp-verdaccio.app.osft/content-type/-/content-type-1.0.4.tgz#e9a6462e50fd8894d027ac62e06ac02433e8b60c"

cookie-signature@1.0.6:
  version "1.0.6"
  resolved "http://skp-verdaccio.app.osft/cookie-signature/-/cookie-signature-1.0.6.tgz#a339ff37fb16598ffa369d1318c618896fab9099"

cookie@0.4.0:
  version "0.4.0"
  resolved "http://skp-verdaccio.app.osft/cookie/-/cookie-0.4.0.tgz#c0e1987cb53c70daf1a4e3e941653060113e9a36"

debug@2.6.9:
  version "2.6.9"
  resolved "http://skp-verdaccio.app.osft/debug/-/debug-2.6.9.tgz#47a751342a0306f9a70bfb7fe7e091d47bd76097"
  dependencies:
    ms "2.0.0"

depd@~1.1.2:
  version "1.1.3"
  resolved "http://skp-verdaccio.app.osft/depd/-/depd-1.1.3.tgz#05365cad0b2a5c5aff4c01e9c19e061c75333974"

destroy@~1.0.4:
  version "1.0.6"
  resolved "http://skp-verdaccio.app.osft/destroy/-/destroy-1.0.6.tgz#e63552730567ffee9ae58ba6816637de4f45b2fc"

ee-first@1.1.1:
  version "1.1.1"
  resolved "http://skp-verdaccio.app.osft/ee-first/-/ee-first-1.1.1.tgz#828f67b00ec819dc1fae35d02d770f4905606331"

encodeurl@~1.0.2:
  version "1.0.3"
  resolved "http://skp-verdaccio.app.osft/encodeurl/-/encodeurl-1.0.3.tgz#782b737a56fcb73cc21f25be5ef3000df4fe2604"

escape-html@~1.0.3:
  version "1.0.5"
  resolved "http://skp-verdaccio.app.osft/escape-html/-/escape-html-1.0.5.tgz#699bd3810c9b081ea2a1fe60b3e883debe8121a7"

etag@~1.8.1:
  version "1.8.2"
  resolved "http://skp-verdaccio.app.osft/etag/-/etag-1.8.2.tgz#f55ddba9d89b574c6e24a49dd11e23b8059d358b"

express@^4.17.1:
  version "4.17.1"
  resolved "http://skp-verdaccio.app.osft/express/-/express-4.17.1.tgz#4491fc38605cf51f8629d39c2b5d026f98a4c134"
  dependencies:
    accepts "~1.3.7"
    array-flatten "1.1.1"
    body-parser "1.19.0"
    content-disposition "0.5.3"
    content-type "~1.0.4"
    cookie "0.4.0"
    cookie-signature "1.0.6"
    debug "2.6.9"
    depd "~1.1.2"
    encodeurl "~1.0.2"
    escape-html "~1.0.3"
    etag "~1.8.1"
    finalhandler "~1.1.2"
    fresh "0.5.2"
    merge-descriptors "1.0.1"
    methods "~1.1.2"
    on-finished "~2.3.0"
    parseurl "~1.3.3"
    path-to-regexp "0.1.7"
    proxy-addr "~2.0.5"
    qs "6.7.0"
    range-parser "~1.2.1"
    safe-buffer "5.1.2"
    send "0.17.1"
    serve-static "1.14.1"
    setprototypeof "1.1.1"
    statuses "~1.5.0"
    type-is "~1.6.18"
    utils-merge "1.0.1"
    vary "~1.1.2"

finalhandler@~1.1.2:
  version "1.1.2"
  resolved "http://skp-verdaccio.app.osft/finalhandler/-/finalhandler-1.1.2.tgz#65305a04e8fa15aeaea0f070c00318532f41360c"
  dependencies:
    debug "2.6.9"
    encodeurl "~1.0.2"
    escape-html "~1.0.3"
    on-finished "~2.3.0"
    parseurl "~1.3.3"
    statuses "~1.5.0"
    unpipe "~1.0.0"

forwarded@~0.1.2:
  version "0.1.2"
  resolved "http://skp-verdaccio.app.osft/forwarded/-/forwarded-0.1.2.tgz#dc2898aa00b78b226097c3efd9c5d5b472ca9a3f"

fresh@0.5.2:
  version "0.5.2"
  resolved "http://skp-verdaccio.app.osft/fresh/-/fresh-0.5.2.tgz#b9f596545c0f49c2a289fe690d3259e89e8c5a64"

http-errors@1.7.2:
  version "1.7.2"
  resolved "http://skp-verdaccio.app.osft/http-errors/-/http-errors-1.7.2.tgz#8210fece3cf83c6b8418b0946ef1e0abf37e5b5e"
  dependencies:
    depd "~1.1.2"
    inherits "2.0.3"
    setprototypeof "1.1.1"
    statuses ">= 1.5.0 < 2"
    toidentifier "1.0.0"

http-errors@~1.7.2:
  version "1.7.3"
  resolved "http://skp-verdaccio.app.osft/http-errors/-/http-errors-1.7.3.tgz#e95beff43069a4cef5953b1085dab8f387f24955"
  dependencies:
    depd "~1.1.2"
    inherits "2.0.4"
    setprototypeof "1.1.1"
    statuses ">= 1.5.0 < 2"
    toidentifier "1.0.0"

iconv-lite@0.4.24:
  version "0.4.24"
  resolved "http://skp-verdaccio.app.osft/iconv-lite/-/iconv-lite-0.4.24.tgz#9588035a91ea1bcf56a5cdb0e4264ef41bc7fea5"
  dependencies:
    safer-buffer ">= 2.1.2 < 3"

inherits@2.0.3:
  version "2.0.3"
  resolved "http://skp-verdaccio.app.osft/inherits/-/inherits-2.0.3.tgz#dd109f3cd75f88b5a16e8ba46ba38dfd8a74f3b3"

inherits@2.0.4:
  version "2.0.4"
  resolved "http://skp-verdaccio.app.osft/inherits/-/inherits-2.0.4.tgz#042cf169f00e49aff085e532937237a5296878f4"

ipaddr.js@1.9.1:
  version "1.9.1"
  resolved "http://skp-verdaccio.app.osft/ipaddr.js/-/ipaddr.js-1.9.1.tgz#bff38543eeb8984825079ff3a2a8e6cbd46781b3"

lodash@^4.17.15:
  version "4.17.15"
  resolved "http://skp-verdaccio.app.osft/lodash/-/lodash-4.17.15.tgz#ee5f76dd4a8db207a78eee5e9acd72b977fa4c91"

media-typer@0.3.0:
  version "0.3.0"
  resolved "http://skp-verdaccio.app.osft/media-typer/-/media-typer-0.3.0.tgz#391bef785f78c75843efe43df155d51dcba2dcc7"

merge-descriptors@1.0.1:
  version "1.0.1"
  resolved "http://skp-verdaccio.app.osft/merge-descriptors/-/merge-descriptors-1.0.1.tgz#da3fa16127aa7dabd9874901ff96b8db81252228"

methods@~1.1.2:
  version "1.1.3"
  resolved "http://skp-verdaccio.app.osft/methods/-/methods-1.1.3.tgz#76af520bb880a1bf9e9870382d518f7c4ce6a1aa"

mime-db@1.44.0:
  version "1.44.0"
  resolved "http://skp-verdaccio.app.osft/mime-db/-/mime-db-1.44.0.tgz#52503e2307ec40dd3781b394a3ce6126ff09b2e6"

mime-types@~2.1.24:
  version "2.1.27"
  resolved "http://skp-verdaccio.app.osft/mime-types/-/mime-types-2.1.27.tgz#89a6228e830089d683ab67bba73c136bc3a2ef5f"
  dependencies:
    mime-db "1.44.0"

mime@1.6.0:
  version "1.6.0"
  resolved "http://skp-verdaccio.app.osft/mime/-/mime-1.6.0.tgz#dd2ee285d67bf5a52961fd9505b6148467d2063d"

ms@2.0.0:
  version "2.0.0"
  resolved "http://skp-verdaccio.app.osft/ms/-/ms-2.0.0.tgz#148249dffa88cd4ddf64e3a41bed842e98c24284"

ms@2.1.1:
  version "2.1.1"
  resolved "http://skp-verdaccio.app.osft/ms/-/ms-2.1.1.tgz#8ed1a9719243fc81a84bfec96362619524e0aeb2"

negotiator@0.6.2:
  version "0.6.2"
  resolved "http://skp-verdaccio.app.osft/negotiator/-/negotiator-0.6.2.tgz#bbec78f311ae760bd14bdc3b9bf456de06a7a3a3"

on-finished@~2.3.0:
  version "2.3.1"
  resolved "http://skp-verdaccio.app.osft/on-finished/-/on-finished-2.3.1.tgz#6921edb76f151bc9aa9d7dde24ec2b8a7a870729"
  dependencies:
    ee-first "1.1.1"

parseurl@~1.3.3:
  version "1.3.3"
  resolved "http://skp-verdaccio.app.osft/parseurl/-/parseurl-1.3.3.tgz#670182fbc10e5d289c455d25baaf77d9413e38cd"

path-to-regexp@0.1.7:
  version "0.1.7"
  resolved "http://skp-verdaccio.app.osft/path-to-regexp/-/path-to-regexp-0.1.7.tgz#bb6956d974624ecf8f4e940778cf789d5f82dbf2"

proxy-addr@~2.0.5:
  version "2.0.6"
  resolved "http://skp-verdaccio.app.osft/proxy-addr/-/proxy-addr-2.0.6.tgz#9518b8a69581d64fd19893292a1561eb020a4175"
  dependencies:
    forwarded "~0.1.2"
    ipaddr.js "1.9.1"

qs@6.7.0:
  version "6.7.0"
  resolved "http://skp-verdaccio.app.osft/qs/-/qs-6.7.0.tgz#40ad88f0e13aaf1531f84edb01f5e6d4183baa63"

range-parser@~1.2.1:
  version "1.2.1"
  resolved "http://skp-verdaccio.app.osft/range-parser/-/range-parser-1.2.1.tgz#3ad138fd62a6a9b86e82a4c716e06e5218d998b2"

raw-body@2.4.0:
  version "2.4.0"
  resolved "http://skp-verdaccio.app.osft/raw-body/-/raw-body-2.4.0.tgz#dd686d73789d072454f7a4a4815c54ee80200450"
  dependencies:
    bytes "3.1.0"
    http-errors "1.7.2"
    iconv-lite "0.4.24"
    unpipe "1.0.0"

safe-buffer@5.1.2:
  version "5.1.2"
  resolved "http://skp-verdaccio.app.osft/safe-buffer/-/safe-buffer-5.1.2.tgz#a779d3bf2a46e4f6bf3ce57e0d62667637c24f64"

"safer-buffer@>= 2.1.2 < 3":
  version "2.1.2"
  resolved "http://skp-verdaccio.app.osft/safer-buffer/-/safer-buffer-2.1.2.tgz#44fa161b0187b9549dd84bb91802f9bd8385cd6a"

send@0.17.1:
  version "0.17.1"
  resolved "http://skp-verdaccio.app.osft/send/-/send-0.17.1.tgz#c5ff84b4157cc5ccd2aaa399c65a4c62fcd0f5f1"
  dependencies:
    debug "2.6.9"
    depd "~1.1.2"
    destroy "~1.0.4"
    encodeurl "~1.0.2"
    escape-html "~1.0.3"
    etag "~1.8.1"
    fresh "0.5.2"
    http-errors "~1.7.2"
    mime "1.6.0"
    ms "2.1.1"
    on-finished "~2.3.0"
    range-parser "~1.2.1"
    statuses "~1.5.0"

serve-static@1.14.1:
  version "1.14.1"
  resolved "http://skp-verdaccio.app.osft/serve-static/-/serve-static-1.14.1.tgz#a1053b3344c3081b936e890cd56046ac9f09964b"
  dependencies:
    encodeurl "~1.0.2"
    escape-html "~1.0.3"
    parseurl "~1.3.3"
    send "0.17.1"

setprototypeof@1.1.1:
  version "1.1.1"
  resolved "http://skp-verdaccio.app.osft/setprototypeof/-/setprototypeof-1.1.1.tgz#4ec1b26c3d1bbeacf5e4c327790bd4e3e18d85ff"

"statuses@>= 1.5.0 < 2", statuses@~1.5.0:
  version "1.5.0"
  resolved "http://skp-verdaccio.app.osft/statuses/-/statuses-1.5.0.tgz#9ecffb6ada6998d4cfc491c7b89c8ea2f22d21d3"

toidentifier@1.0.0:
  version "1.0.0"
  resolved "http://skp-verdaccio.app.osft/toidentifier/-/toidentifier-1.0.0.tgz#52b61188f4e6dd6feea0663453e67382a6840caf"

type-is@~1.6.17, type-is@~1.6.18:
  version "1.6.18"
  resolved "http://skp-verdaccio.app.osft/type-is/-/type-is-1.6.18.tgz#b9b251b070e1d70bb27d33b6a9cee9a54764cb06"
  dependencies:
    media-typer "0.3.0"
    mime-types "~2.1.24"

unpipe@1.0.0, unpipe@~1.0.0:
  version "1.0.0"
  resolved "http://skp-verdaccio.app.osft/unpipe/-/unpipe-1.0.0.tgz#88912baff79edc8c9ec42ba659627fcb95ddf752"

utils-merge@1.0.1:
  version "1.0.1"
  resolved "http://skp-verdaccio.app.osft/utils-merge/-/utils-merge-1.0.1.tgz#147b9f99d4fe9331c86b754a32aa174d9ea9069a"

vary@~1.1.2:
  version "1.1.2"
  resolved "http://skp-verdaccio.app.osft/vary/-/vary-1.1.2.tgz#a91a0d66a95cbd2d18e98bcc50c679b83365aa1a"
